
Microsoft Visual Studio Solution File, Format Version 12.00
# Visual Studio Version 16
VisualStudioVersion = 16.0.30804.86
MinimumVisualStudioVersion = 10.0.40219.1
Project("{FAE04EC0-301F-11D3-BF4B-00C04F79EFBC}") = "polytech_quest", "polytech_quest.csproj", "{F8FC0704-47D6-4704-8A23-B46A812CF3C3}"
EndProject
Global
	GlobalSection(SolutionConfigurationPlatforms) = preSolution
		Debug|Any CPU = Debug|Any CPU
		Release|Any CPU = Release|Any CPU
	EndGlobalSection
	GlobalSection(ProjectConfigurationPlatforms) = postSolution
		{F8FC0704-47D6-4704-8A23-B46A812CF3C3}.Debug|Any CPU.ActiveCfg = Debug|Any CPU
		{F8FC0704-47D6-4704-8A23-B46A812CF3C3}.Debug|Any CPU.Build.0 = Debug|Any CPU
		{F8FC0704-47D6-4704-8A23-B46A812CF3C3}.Release|Any CPU.ActiveCfg = Release|Any CPU
		{F8FC0704-47D6-4704-8A23-B46A812CF3C3}.Release|Any CPU.Build.0 = Release|Any CPU
	EndGlobalSection
	GlobalSection(SolutionProperties) = preSolution
		HideSolutionNode = FALSE
	EndGlobalSection
	GlobalSection(ExtensibilityGlobals) = postSolution
		SolutionGuid = {963FEBEC-947F-4D60-B2D8-0893BA308217}
	EndGlobalSection
EndGlobal
